
Microsoft Visual Studio Solution File, Format Version 12.00
# Visual Studio 15
VisualStudioVersion = 15.0.27130.2036
MinimumVisualStudioVersion = 10.0.40219.1
Project("{FAE04EC0-301F-11D3-BF4B-00C04F79EFBC}") = "default_app", "default_app\default_app.csproj", "{93C65F35-2F58-4743-9350-96956D421C6F}"
EndProject
Global
	GlobalSection(SolutionConfigurationPlatforms) = preSolution
		Debug|Any CPU = Debug|Any CPU
		Release|Any CPU = Release|Any CPU
	EndGlobalSection
	GlobalSection(ProjectConfigurationPlatforms) = postSolution
		{93C65F35-2F58-4743-9350-96956D421C6F}.Debug|Any CPU.ActiveCfg = Debug|Any CPU
		{93C65F35-2F58-4743-9350-96956D421C6F}.Debug|Any CPU.Build.0 = Debug|Any CPU
		{93C65F35-2F58-4743-9350-96956D421C6F}.Release|Any CPU.ActiveCfg = Release|Any CPU
		{93C65F35-2F58-4743-9350-96956D421C6F}.Release|Any CPU.Build.0 = Release|Any CPU
	EndGlobalSection
	GlobalSection(SolutionProperties) = preSolution
		HideSolutionNode = FALSE
	EndGlobalSection
	GlobalSection(ExtensibilityGlobals) = postSolution
		SolutionGuid = {F2B6B5E3-971B-4F47-AEE4-8207C5BDF8EC}
	EndGlobalSection
EndGlobal
